// !$*UTF8*$!
{
	archiveVersion = 1;
	classes = {
	};
	objectVersion = 46;
	objects = {

/* Begin PBXBuildFile section */
		751F802115C0340000230129 /* AWCoolButton.m in Sources */ = {isa = PBXBuildFile; fileRef = 751F802015C0340000230129 /* AWCoolButton.m */; };
		751F802515C0348300230129 /* AWCommon.m in Sources */ = {isa = PBXBuildFile; fileRef = 751F802415C0348300230129 /* AWCommon.m */; };
		751F803115C038C100230129 /* AWCoolCellBackground.m in Sources */ = {isa = PBXBuildFile; fileRef = 751F802C15C038C100230129 /* AWCoolCellBackground.m */; };
		751F803215C038C100230129 /* AWCoolFooter.m in Sources */ = {isa = PBXBuildFile; fileRef = 751F802E15C038C100230129 /* AWCoolFooter.m */; };
		751F803315C038C100230129 /* AWCoolHeader.m in Sources */ = {isa = PBXBuildFile; fileRef = 751F803015C038C100230129 /* AWCoolHeader.m */; };
		752C466115BDC55F002FFCA2 /* AWMarkItDoneAPIManager.m in Sources */ = {isa = PBXBuildFile; fileRef = 752C466015BDC55F002FFCA2 /* AWMarkItDoneAPIManager.m */; };
		754C3E4215D131A1003DAF15 /* AWInitialViewController.m in Sources */ = {isa = PBXBuildFile; fileRef = 754C3E3D15D131A1003DAF15 /* AWInitialViewController.m */; };
		754C3E4315D131A1003DAF15 /* AWToDoFiltersViewController.m in Sources */ = {isa = PBXBuildFile; fileRef = 754C3E3F15D131A1003DAF15 /* AWToDoFiltersViewController.m */; };
		754C3E4415D131A1003DAF15 /* AWTodoListViewController.m in Sources */ = {isa = PBXBuildFile; fileRef = 754C3E4115D131A1003DAF15 /* AWTodoListViewController.m */; };
		754C3E7615D3D5F4003DAF15 /* ToDoContext.m in Sources */ = {isa = PBXBuildFile; fileRef = 754C3E7515D3D5F4003DAF15 /* ToDoContext.m */; };
		754C3E7915D3D618003DAF15 /* ToDoList.m in Sources */ = {isa = PBXBuildFile; fileRef = 754C3E7815D3D618003DAF15 /* ToDoList.m */; };
		7554443015C72A1E00CEEF4A /* AWToDoCell.m in Sources */ = {isa = PBXBuildFile; fileRef = 7554442F15C72A1E00CEEF4A /* AWToDoCell.m */; };
		75782E1D15C556D0009DE488 /* MarkItDone.xcdatamodeld in Sources */ = {isa = PBXBuildFile; fileRef = 75782E1B15C556D0009DE488 /* MarkItDone.xcdatamodeld */; };
		75782E4B15C56020009DE488 /* ToDoAlert.m in Sources */ = {isa = PBXBuildFile; fileRef = 75782E4A15C56020009DE488 /* ToDoAlert.m */; };
		75782E4E15C56020009DE488 /* ToDo.m in Sources */ = {isa = PBXBuildFile; fileRef = 75782E4D15C56020009DE488 /* ToDo.m */; };
		758DD90415DD7FBA00BC7450 /* AWToDoFilterCell.m in Sources */ = {isa = PBXBuildFile; fileRef = 758DD90315DD7FBA00BC7450 /* AWToDoFilterCell.m */; };
		758DD90715DD8BB000BC7450 /* AWToDoFilterSectionHeaderView.m in Sources */ = {isa = PBXBuildFile; fileRef = 758DD90615DD8BB000BC7450 /* AWToDoFilterSectionHeaderView.m */; };
		75CE97E315BB2CEB0043D3FC /* UIKit.framework in Frameworks */ = {isa = PBXBuildFile; fileRef = 75CE97E215BB2CEB0043D3FC /* UIKit.framework */; };
		75CE97E515BB2CEB0043D3FC /* Foundation.framework in Frameworks */ = {isa = PBXBuildFile; fileRef = 75CE97E415BB2CEB0043D3FC /* Foundation.framework */; };
		75CE97E715BB2CEB0043D3FC /* CoreGraphics.framework in Frameworks */ = {isa = PBXBuildFile; fileRef = 75CE97E615BB2CEB0043D3FC /* CoreGraphics.framework */; };
		75CE97ED15BB2CEB0043D3FC /* InfoPlist.strings in Resources */ = {isa = PBXBuildFile; fileRef = 75CE97EB15BB2CEB0043D3FC /* InfoPlist.strings */; };
		75CE97EF15BB2CEB0043D3FC /* main.m in Sources */ = {isa = PBXBuildFile; fileRef = 75CE97EE15BB2CEB0043D3FC /* main.m */; };
		75CE97F315BB2CEB0043D3FC /* AWAppDelegate.m in Sources */ = {isa = PBXBuildFile; fileRef = 75CE97F215BB2CEB0043D3FC /* AWAppDelegate.m */; };
		75CE97F615BB2CEB0043D3FC /* MainStoryboard.storyboard in Resources */ = {isa = PBXBuildFile; fileRef = 75CE97F415BB2CEB0043D3FC /* MainStoryboard.storyboard */; };
		75CE981915BB2EBB0043D3FC /* libRestKit.a in Frameworks */ = {isa = PBXBuildFile; fileRef = 75CE980E15BB2DCF0043D3FC /* libRestKit.a */; };
		75CE981B15BB2ECC0043D3FC /* CFNetwork.framework in Frameworks */ = {isa = PBXBuildFile; fileRef = 75CE981A15BB2ECC0043D3FC /* CFNetwork.framework */; };
		75CE981D15BB2ED80043D3FC /* MobileCoreServices.framework in Frameworks */ = {isa = PBXBuildFile; fileRef = 75CE981C15BB2ED80043D3FC /* MobileCoreServices.framework */; };
		75CE981F15BB2EE20043D3FC /* Security.framework in Frameworks */ = {isa = PBXBuildFile; fileRef = 75CE981E15BB2EE20043D3FC /* Security.framework */; };
		75CE982115BB2EED0043D3FC /* SystemConfiguration.framework in Frameworks */ = {isa = PBXBuildFile; fileRef = 75CE982015BB2EED0043D3FC /* SystemConfiguration.framework */; };
		75CE982315BB2EF70043D3FC /* QuartzCore.framework in Frameworks */ = {isa = PBXBuildFile; fileRef = 75CE982215BB2EF70043D3FC /* QuartzCore.framework */; };
		75CE982515BB2F070043D3FC /* libxml2.dylib in Frameworks */ = {isa = PBXBuildFile; fileRef = 75CE982415BB2F070043D3FC /* libxml2.dylib */; };
		75CE982715BB2F460043D3FC /* CoreData.framework in Frameworks */ = {isa = PBXBuildFile; fileRef = 75CE982615BB2F460043D3FC /* CoreData.framework */; };
		75E0639A15BF250900D9D625 /* AWKeychainWrapper.m in Sources */ = {isa = PBXBuildFile; fileRef = 75E0639915BF250900D9D625 /* AWKeychainWrapper.m */; };
		75E0D87815CDC79C0007646D /* AWToDoListFetchedResultsTableController.m in Sources */ = {isa = PBXBuildFile; fileRef = 75E0D87715CDC79C0007646D /* AWToDoListFetchedResultsTableController.m */; };
		75E0D88B15D1295F0007646D /* back-arrow.png in Resources */ = {isa = PBXBuildFile; fileRef = 75E0D88215D1295F0007646D /* back-arrow.png */; };
		75E0D88C15D1295F0007646D /* back-arrow@2x.png in Resources */ = {isa = PBXBuildFile; fileRef = 75E0D88315D1295F0007646D /* back-arrow@2x.png */; };
		75E0D88D15D1295F0007646D /* menu-icon.png in Resources */ = {isa = PBXBuildFile; fileRef = 75E0D88415D1295F0007646D /* menu-icon.png */; };
		75E0D88E15D1295F0007646D /* menu-icon@2x.png in Resources */ = {isa = PBXBuildFile; fileRef = 75E0D88515D1295F0007646D /* menu-icon@2x.png */; };
		75E0D88F15D1295F0007646D /* MFSideMenuManager.m in Sources */ = {isa = PBXBuildFile; fileRef = 75E0D88815D1295F0007646D /* MFSideMenuManager.m */; settings = {COMPILER_FLAGS = "-fno-objc-arc"; }; };
		75E0D89015D1295F0007646D /* UIViewController+MFSideMenu.m in Sources */ = {isa = PBXBuildFile; fileRef = 75E0D88A15D1295F0007646D /* UIViewController+MFSideMenu.m */; settings = {COMPILER_FLAGS = "-fno-objc-arc"; }; };
		75EDA25A15DAC8D200391CB7 /* AWToDoFiltersFetchedResultsTableController.m in Sources */ = {isa = PBXBuildFile; fileRef = 75EDA25915DAC8D200391CB7 /* AWToDoFiltersFetchedResultsTableController.m */; };
/* End PBXBuildFile section */

/* Begin PBXContainerItemProxy section */
		75CE980D15BB2DCF0043D3FC /* PBXContainerItemProxy */ = {
			isa = PBXContainerItemProxy;
			containerPortal = 75CE980215BB2DCF0043D3FC /* RestKit.xcodeproj */;
			proxyType = 2;
			remoteGlobalIDString = 25160D1614564E810060A5C5;
			remoteInfo = RestKit;
		};
		75CE980F15BB2DCF0043D3FC /* PBXContainerItemProxy */ = {
			isa = PBXContainerItemProxy;
			containerPortal = 75CE980215BB2DCF0043D3FC /* RestKit.xcodeproj */;
			proxyType = 2;
			remoteGlobalIDString = 25160D2614564E820060A5C5;
			remoteInfo = RestKitTests;
		};
		75CE981115BB2DCF0043D3FC /* PBXContainerItemProxy */ = {
			isa = PBXContainerItemProxy;
			containerPortal = 75CE980215BB2DCF0043D3FC /* RestKit.xcodeproj */;
			proxyType = 2;
			remoteGlobalIDString = 25160E62145651060060A5C5;
			remoteInfo = RestKitFramework;
		};
		75CE981315BB2DCF0043D3FC /* PBXContainerItemProxy */ = {
			isa = PBXContainerItemProxy;
			containerPortal = 75CE980215BB2DCF0043D3FC /* RestKit.xcodeproj */;
			proxyType = 2;
			remoteGlobalIDString = 25160E78145651060060A5C5;
			remoteInfo = RestKitFrameworkTests;
		};
		75CE981515BB2DCF0043D3FC /* PBXContainerItemProxy */ = {
			isa = PBXContainerItemProxy;
			containerPortal = 75CE980215BB2DCF0043D3FC /* RestKit.xcodeproj */;
			proxyType = 2;
			remoteGlobalIDString = 259C301615128079003066A2;
			remoteInfo = RestKitResources;
		};
		75CE981715BB2E900043D3FC /* PBXContainerItemProxy */ = {
			isa = PBXContainerItemProxy;
			containerPortal = 75CE980215BB2DCF0043D3FC /* RestKit.xcodeproj */;
			proxyType = 1;
			remoteGlobalIDString = 25160D1514564E810060A5C5;
			remoteInfo = RestKit;
		};
/* End PBXContainerItemProxy section */

/* Begin PBXFileReference section */
		751F801F15C0340000230129 /* AWCoolButton.h */ = {isa = PBXFileReference; fileEncoding = 4; lastKnownFileType = sourcecode.c.h; path = AWCoolButton.h; sourceTree = "<group>"; };
		751F802015C0340000230129 /* AWCoolButton.m */ = {isa = PBXFileReference; fileEncoding = 4; lastKnownFileType = sourcecode.c.objc; path = AWCoolButton.m; sourceTree = "<group>"; };
		751F802315C0348300230129 /* AWCommon.h */ = {isa = PBXFileReference; fileEncoding = 4; lastKnownFileType = sourcecode.c.h; path = AWCommon.h; sourceTree = "<group>"; };
		751F802415C0348300230129 /* AWCommon.m */ = {isa = PBXFileReference; fileEncoding = 4; lastKnownFileType = sourcecode.c.objc; path = AWCommon.m; sourceTree = "<group>"; };
		751F802B15C038C100230129 /* AWCoolCellBackground.h */ = {isa = PBXFileReference; fileEncoding = 4; lastKnownFileType = sourcecode.c.h; path = AWCoolCellBackground.h; sourceTree = "<group>"; };
		751F802C15C038C100230129 /* AWCoolCellBackground.m */ = {isa = PBXFileReference; fileEncoding = 4; lastKnownFileType = sourcecode.c.objc; path = AWCoolCellBackground.m; sourceTree = "<group>"; };
		751F802D15C038C100230129 /* AWCoolFooter.h */ = {isa = PBXFileReference; fileEncoding = 4; lastKnownFileType = sourcecode.c.h; path = AWCoolFooter.h; sourceTree = "<group>"; };
		751F802E15C038C100230129 /* AWCoolFooter.m */ = {isa = PBXFileReference; fileEncoding = 4; lastKnownFileType = sourcecode.c.objc; path = AWCoolFooter.m; sourceTree = "<group>"; };
		751F802F15C038C100230129 /* AWCoolHeader.h */ = {isa = PBXFileReference; fileEncoding = 4; lastKnownFileType = sourcecode.c.h; path = AWCoolHeader.h; sourceTree = "<group>"; };
		751F803015C038C100230129 /* AWCoolHeader.m */ = {isa = PBXFileReference; fileEncoding = 4; lastKnownFileType = sourcecode.c.objc; path = AWCoolHeader.m; sourceTree = "<group>"; };
		752C465F15BDC55F002FFCA2 /* AWMarkItDoneAPIManager.h */ = {isa = PBXFileReference; fileEncoding = 4; lastKnownFileType = sourcecode.c.h; name = AWMarkItDoneAPIManager.h; path = AWMarkItDoneAPIManager/AWMarkItDoneAPIManager.h; sourceTree = SOURCE_ROOT; };
		752C466015BDC55F002FFCA2 /* AWMarkItDoneAPIManager.m */ = {isa = PBXFileReference; fileEncoding = 4; lastKnownFileType = sourcecode.c.objc; name = AWMarkItDoneAPIManager.m; path = AWMarkItDoneAPIManager/AWMarkItDoneAPIManager.m; sourceTree = SOURCE_ROOT; };
		752C466215BDC5C8002FFCA2 /* AWMarkItDoneAPIManagerDelegate.h */ = {isa = PBXFileReference; lastKnownFileType = sourcecode.c.h; name = AWMarkItDoneAPIManagerDelegate.h; path = AWMarkItDoneAPIManager/AWMarkItDoneAPIManagerDelegate.h; sourceTree = SOURCE_ROOT; };
		754C3E3C15D131A1003DAF15 /* AWInitialViewController.h */ = {isa = PBXFileReference; fileEncoding = 4; lastKnownFileType = sourcecode.c.h; path = AWInitialViewController.h; sourceTree = "<group>"; };
		754C3E3D15D131A1003DAF15 /* AWInitialViewController.m */ = {isa = PBXFileReference; fileEncoding = 4; lastKnownFileType = sourcecode.c.objc; path = AWInitialViewController.m; sourceTree = "<group>"; };
		754C3E3E15D131A1003DAF15 /* AWToDoFiltersViewController.h */ = {isa = PBXFileReference; fileEncoding = 4; lastKnownFileType = sourcecode.c.h; path = AWToDoFiltersViewController.h; sourceTree = "<group>"; };
		754C3E3F15D131A1003DAF15 /* AWToDoFiltersViewController.m */ = {isa = PBXFileReference; fileEncoding = 4; lastKnownFileType = sourcecode.c.objc; path = AWToDoFiltersViewController.m; sourceTree = "<group>"; };
		754C3E4015D131A1003DAF15 /* AWTodoListViewController.h */ = {isa = PBXFileReference; fileEncoding = 4; lastKnownFileType = sourcecode.c.h; path = AWTodoListViewController.h; sourceTree = "<group>"; };
		754C3E4115D131A1003DAF15 /* AWTodoListViewController.m */ = {isa = PBXFileReference; fileEncoding = 4; lastKnownFileType = sourcecode.c.objc; path = AWTodoListViewController.m; sourceTree = "<group>"; };
		754C3E7415D3D5F4003DAF15 /* ToDoContext.h */ = {isa = PBXFileReference; fileEncoding = 4; lastKnownFileType = sourcecode.c.h; path = ToDoContext.h; sourceTree = "<group>"; };
		754C3E7515D3D5F4003DAF15 /* ToDoContext.m */ = {isa = PBXFileReference; fileEncoding = 4; lastKnownFileType = sourcecode.c.objc; path = ToDoContext.m; sourceTree = "<group>"; };
		754C3E7715D3D618003DAF15 /* ToDoList.h */ = {isa = PBXFileReference; fileEncoding = 4; lastKnownFileType = sourcecode.c.h; path = ToDoList.h; sourceTree = "<group>"; };
		754C3E7815D3D618003DAF15 /* ToDoList.m */ = {isa = PBXFileReference; fileEncoding = 4; lastKnownFileType = sourcecode.c.objc; path = ToDoList.m; sourceTree = "<group>"; };
		7554442E15C72A1E00CEEF4A /* AWToDoCell.h */ = {isa = PBXFileReference; fileEncoding = 4; lastKnownFileType = sourcecode.c.h; path = AWToDoCell.h; sourceTree = "<group>"; };
		7554442F15C72A1E00CEEF4A /* AWToDoCell.m */ = {isa = PBXFileReference; fileEncoding = 4; lastKnownFileType = sourcecode.c.objc; path = AWToDoCell.m; sourceTree = "<group>"; };
		75782E1C15C556D0009DE488 /* MarkItDone.xcdatamodel */ = {isa = PBXFileReference; lastKnownFileType = wrapper.xcdatamodel; path = MarkItDone.xcdatamodel; sourceTree = "<group>"; };
		75782E4915C56020009DE488 /* ToDoAlert.h */ = {isa = PBXFileReference; fileEncoding = 4; lastKnownFileType = sourcecode.c.h; path = ToDoAlert.h; sourceTree = "<group>"; };
		75782E4A15C56020009DE488 /* ToDoAlert.m */ = {isa = PBXFileReference; fileEncoding = 4; lastKnownFileType = sourcecode.c.objc; path = ToDoAlert.m; sourceTree = "<group>"; };
		75782E4C15C56020009DE488 /* ToDo.h */ = {isa = PBXFileReference; fileEncoding = 4; lastKnownFileType = sourcecode.c.h; path = ToDo.h; sourceTree = "<group>"; };
		75782E4D15C56020009DE488 /* ToDo.m */ = {isa = PBXFileReference; fileEncoding = 4; lastKnownFileType = sourcecode.c.objc; path = ToDo.m; sourceTree = "<group>"; };
		758DD90215DD7FBA00BC7450 /* AWToDoFilterCell.h */ = {isa = PBXFileReference; fileEncoding = 4; lastKnownFileType = sourcecode.c.h; path = AWToDoFilterCell.h; sourceTree = "<group>"; };
		758DD90315DD7FBA00BC7450 /* AWToDoFilterCell.m */ = {isa = PBXFileReference; fileEncoding = 4; lastKnownFileType = sourcecode.c.objc; path = AWToDoFilterCell.m; sourceTree = "<group>"; };
		758DD90515DD8BB000BC7450 /* AWToDoFilterSectionHeaderView.h */ = {isa = PBXFileReference; fileEncoding = 4; lastKnownFileType = sourcecode.c.h; path = AWToDoFilterSectionHeaderView.h; sourceTree = "<group>"; };
		758DD90615DD8BB000BC7450 /* AWToDoFilterSectionHeaderView.m */ = {isa = PBXFileReference; fileEncoding = 4; lastKnownFileType = sourcecode.c.objc; path = AWToDoFilterSectionHeaderView.m; sourceTree = "<group>"; };
		75CE97DE15BB2CEB0043D3FC /* iPhoneMarkItDone.app */ = {isa = PBXFileReference; explicitFileType = wrapper.application; includeInIndex = 0; path = iPhoneMarkItDone.app; sourceTree = BUILT_PRODUCTS_DIR; };
		75CE97E215BB2CEB0043D3FC /* UIKit.framework */ = {isa = PBXFileReference; lastKnownFileType = wrapper.framework; name = UIKit.framework; path = System/Library/Frameworks/UIKit.framework; sourceTree = SDKROOT; };
		75CE97E415BB2CEB0043D3FC /* Foundation.framework */ = {isa = PBXFileReference; lastKnownFileType = wrapper.framework; name = Foundation.framework; path = System/Library/Frameworks/Foundation.framework; sourceTree = SDKROOT; };
		75CE97E615BB2CEB0043D3FC /* CoreGraphics.framework */ = {isa = PBXFileReference; lastKnownFileType = wrapper.framework; name = CoreGraphics.framework; path = System/Library/Frameworks/CoreGraphics.framework; sourceTree = SDKROOT; };
		75CE97EA15BB2CEB0043D3FC /* iPhoneMarkItDone-Info.plist */ = {isa = PBXFileReference; lastKnownFileType = text.plist.xml; path = "iPhoneMarkItDone-Info.plist"; sourceTree = "<group>"; };
		75CE97EC15BB2CEB0043D3FC /* en */ = {isa = PBXFileReference; lastKnownFileType = text.plist.strings; name = en; path = en.lproj/InfoPlist.strings; sourceTree = "<group>"; };
		75CE97EE15BB2CEB0043D3FC /* main.m */ = {isa = PBXFileReference; lastKnownFileType = sourcecode.c.objc; path = main.m; sourceTree = "<group>"; };
		75CE97F015BB2CEB0043D3FC /* iPhoneMarkItDone-Prefix.pch */ = {isa = PBXFileReference; lastKnownFileType = sourcecode.c.h; path = "iPhoneMarkItDone-Prefix.pch"; sourceTree = "<group>"; };
		75CE97F115BB2CEB0043D3FC /* AWAppDelegate.h */ = {isa = PBXFileReference; lastKnownFileType = sourcecode.c.h; path = AWAppDelegate.h; sourceTree = "<group>"; };
		75CE97F215BB2CEB0043D3FC /* AWAppDelegate.m */ = {isa = PBXFileReference; lastKnownFileType = sourcecode.c.objc; path = AWAppDelegate.m; sourceTree = "<group>"; };
		75CE97F515BB2CEB0043D3FC /* en */ = {isa = PBXFileReference; lastKnownFileType = file.storyboard; name = en; path = en.lproj/MainStoryboard.storyboard; sourceTree = "<group>"; };
		75CE980215BB2DCF0043D3FC /* RestKit.xcodeproj */ = {isa = PBXFileReference; lastKnownFileType = "wrapper.pb-project"; name = RestKit.xcodeproj; path = RestKit/RestKit.xcodeproj; sourceTree = "<group>"; };
		75CE981A15BB2ECC0043D3FC /* CFNetwork.framework */ = {isa = PBXFileReference; lastKnownFileType = wrapper.framework; name = CFNetwork.framework; path = System/Library/Frameworks/CFNetwork.framework; sourceTree = SDKROOT; };
		75CE981C15BB2ED80043D3FC /* MobileCoreServices.framework */ = {isa = PBXFileReference; lastKnownFileType = wrapper.framework; name = MobileCoreServices.framework; path = System/Library/Frameworks/MobileCoreServices.framework; sourceTree = SDKROOT; };
		75CE981E15BB2EE20043D3FC /* Security.framework */ = {isa = PBXFileReference; lastKnownFileType = wrapper.framework; name = Security.framework; path = System/Library/Frameworks/Security.framework; sourceTree = SDKROOT; };
		75CE982015BB2EED0043D3FC /* SystemConfiguration.framework */ = {isa = PBXFileReference; lastKnownFileType = wrapper.framework; name = SystemConfiguration.framework; path = System/Library/Frameworks/SystemConfiguration.framework; sourceTree = SDKROOT; };
		75CE982215BB2EF70043D3FC /* QuartzCore.framework */ = {isa = PBXFileReference; lastKnownFileType = wrapper.framework; name = QuartzCore.framework; path = System/Library/Frameworks/QuartzCore.framework; sourceTree = SDKROOT; };
		75CE982415BB2F070043D3FC /* libxml2.dylib */ = {isa = PBXFileReference; lastKnownFileType = "compiled.mach-o.dylib"; name = libxml2.dylib; path = usr/lib/libxml2.dylib; sourceTree = SDKROOT; };
		75CE982615BB2F460043D3FC /* CoreData.framework */ = {isa = PBXFileReference; lastKnownFileType = wrapper.framework; name = CoreData.framework; path = System/Library/Frameworks/CoreData.framework; sourceTree = SDKROOT; };
		75E0639415BF24CC00D9D625 /* AWConstants.h */ = {isa = PBXFileReference; fileEncoding = 4; lastKnownFileType = sourcecode.c.h; path = AWConstants.h; sourceTree = "<group>"; };
		75E0639815BF250900D9D625 /* AWKeychainWrapper.h */ = {isa = PBXFileReference; fileEncoding = 4; lastKnownFileType = sourcecode.c.h; path = AWKeychainWrapper.h; sourceTree = "<group>"; };
		75E0639915BF250900D9D625 /* AWKeychainWrapper.m */ = {isa = PBXFileReference; fileEncoding = 4; lastKnownFileType = sourcecode.c.objc; path = AWKeychainWrapper.m; sourceTree = "<group>"; };
		75E0D87615CDC79C0007646D /* AWToDoListFetchedResultsTableController.h */ = {isa = PBXFileReference; fileEncoding = 4; lastKnownFileType = sourcecode.c.h; name = AWToDoListFetchedResultsTableController.h; path = AWMarkItDoneAPIManager/AWToDoListFetchedResultsTableController.h; sourceTree = SOURCE_ROOT; };
		75E0D87715CDC79C0007646D /* AWToDoListFetchedResultsTableController.m */ = {isa = PBXFileReference; fileEncoding = 4; lastKnownFileType = sourcecode.c.objc; name = AWToDoListFetchedResultsTableController.m; path = AWMarkItDoneAPIManager/AWToDoListFetchedResultsTableController.m; sourceTree = SOURCE_ROOT; };
		75E0D88215D1295F0007646D /* back-arrow.png */ = {isa = PBXFileReference; lastKnownFileType = image.png; path = "back-arrow.png"; sourceTree = "<group>"; };
		75E0D88315D1295F0007646D /* back-arrow@2x.png */ = {isa = PBXFileReference; lastKnownFileType = image.png; path = "back-arrow@2x.png"; sourceTree = "<group>"; };
		75E0D88415D1295F0007646D /* menu-icon.png */ = {isa = PBXFileReference; lastKnownFileType = image.png; path = "menu-icon.png"; sourceTree = "<group>"; };
		75E0D88515D1295F0007646D /* menu-icon@2x.png */ = {isa = PBXFileReference; lastKnownFileType = image.png; path = "menu-icon@2x.png"; sourceTree = "<group>"; };
		75E0D88615D1295F0007646D /* MFSideMenu.h */ = {isa = PBXFileReference; fileEncoding = 4; lastKnownFileType = sourcecode.c.h; path = MFSideMenu.h; sourceTree = "<group>"; };
		75E0D88715D1295F0007646D /* MFSideMenuManager.h */ = {isa = PBXFileReference; fileEncoding = 4; lastKnownFileType = sourcecode.c.h; path = MFSideMenuManager.h; sourceTree = "<group>"; };
		75E0D88815D1295F0007646D /* MFSideMenuManager.m */ = {isa = PBXFileReference; fileEncoding = 4; lastKnownFileType = sourcecode.c.objc; path = MFSideMenuManager.m; sourceTree = "<group>"; };
		75E0D88915D1295F0007646D /* UIViewController+MFSideMenu.h */ = {isa = PBXFileReference; fileEncoding = 4; lastKnownFileType = sourcecode.c.h; path = "UIViewController+MFSideMenu.h"; sourceTree = "<group>"; };
		75E0D88A15D1295F0007646D /* UIViewController+MFSideMenu.m */ = {isa = PBXFileReference; fileEncoding = 4; lastKnownFileType = sourcecode.c.objc; path = "UIViewController+MFSideMenu.m"; sourceTree = "<group>"; };
		75E0FCA515E91BBF007DBCBE /* AWToDoFiltersFetchedResultsTableControllerDelegate.h */ = {isa = PBXFileReference; fileEncoding = 4; lastKnownFileType = sourcecode.c.h; name = AWToDoFiltersFetchedResultsTableControllerDelegate.h; path = AWMarkItDoneAPIManager/AWToDoFiltersFetchedResultsTableControllerDelegate.h; sourceTree = SOURCE_ROOT; };
		75E0FCA615EAA300007DBCBE /* AWToDoFiltersViewControllerDelegate.h */ = {isa = PBXFileReference; lastKnownFileType = sourcecode.c.h; path = AWToDoFiltersViewControllerDelegate.h; sourceTree = "<group>"; };
		75EDA25815DAC8D200391CB7 /* AWToDoFiltersFetchedResultsTableController.h */ = {isa = PBXFileReference; fileEncoding = 4; lastKnownFileType = sourcecode.c.h; name = AWToDoFiltersFetchedResultsTableController.h; path = AWMarkItDoneAPIManager/AWToDoFiltersFetchedResultsTableController.h; sourceTree = SOURCE_ROOT; };
		75EDA25915DAC8D200391CB7 /* AWToDoFiltersFetchedResultsTableController.m */ = {isa = PBXFileReference; fileEncoding = 4; lastKnownFileType = sourcecode.c.objc; name = AWToDoFiltersFetchedResultsTableController.m; path = AWMarkItDoneAPIManager/AWToDoFiltersFetchedResultsTableController.m; sourceTree = SOURCE_ROOT; };
/* End PBXFileReference section */

/* Begin PBXFrameworksBuildPhase section */
		75CE97DB15BB2CEB0043D3FC /* Frameworks */ = {
			isa = PBXFrameworksBuildPhase;
			buildActionMask = 2147483647;
			files = (
				75CE982715BB2F460043D3FC /* CoreData.framework in Frameworks */,
				75CE982515BB2F070043D3FC /* libxml2.dylib in Frameworks */,
				75CE982315BB2EF70043D3FC /* QuartzCore.framework in Frameworks */,
				75CE982115BB2EED0043D3FC /* SystemConfiguration.framework in Frameworks */,
				75CE981F15BB2EE20043D3FC /* Security.framework in Frameworks */,
				75CE981D15BB2ED80043D3FC /* MobileCoreServices.framework in Frameworks */,
				75CE981B15BB2ECC0043D3FC /* CFNetwork.framework in Frameworks */,
				75CE981915BB2EBB0043D3FC /* libRestKit.a in Frameworks */,
				75CE97E315BB2CEB0043D3FC /* UIKit.framework in Frameworks */,
				75CE97E515BB2CEB0043D3FC /* Foundation.framework in Frameworks */,
				75CE97E715BB2CEB0043D3FC /* CoreGraphics.framework in Frameworks */,
			);
			runOnlyForDeploymentPostprocessing = 0;
		};
/* End PBXFrameworksBuildPhase section */

/* Begin PBXGroup section */
		751F801E15C0340000230129 /* AWCoolButton */ = {
			isa = PBXGroup;
			children = (
				751F801F15C0340000230129 /* AWCoolButton.h */,
				751F802015C0340000230129 /* AWCoolButton.m */,
			);
			path = AWCoolButton;
			sourceTree = SOURCE_ROOT;
		};
		751F802215C0348300230129 /* AWCommon */ = {
			isa = PBXGroup;
			children = (
				751F802315C0348300230129 /* AWCommon.h */,
				751F802415C0348300230129 /* AWCommon.m */,
			);
			path = AWCommon;
			sourceTree = SOURCE_ROOT;
		};
		751F802A15C038C100230129 /* AWCoolTable */ = {
			isa = PBXGroup;
			children = (
				751F802B15C038C100230129 /* AWCoolCellBackground.h */,
				751F802C15C038C100230129 /* AWCoolCellBackground.m */,
				751F802D15C038C100230129 /* AWCoolFooter.h */,
				751F802E15C038C100230129 /* AWCoolFooter.m */,
				751F802F15C038C100230129 /* AWCoolHeader.h */,
				751F803015C038C100230129 /* AWCoolHeader.m */,
			);
			path = AWCoolTable;
			sourceTree = SOURCE_ROOT;
		};
		752C465E15BDC528002FFCA2 /* AWMarkItDoneAPIManager */ = {
			isa = PBXGroup;
			children = (
				75E0D87615CDC79C0007646D /* AWToDoListFetchedResultsTableController.h */,
				75E0D87715CDC79C0007646D /* AWToDoListFetchedResultsTableController.m */,
				75EDA25815DAC8D200391CB7 /* AWToDoFiltersFetchedResultsTableController.h */,
				75EDA25915DAC8D200391CB7 /* AWToDoFiltersFetchedResultsTableController.m */,
				75E0FCA515E91BBF007DBCBE /* AWToDoFiltersFetchedResultsTableControllerDelegate.h */,
				752C465F15BDC55F002FFCA2 /* AWMarkItDoneAPIManager.h */,
				752C466015BDC55F002FFCA2 /* AWMarkItDoneAPIManager.m */,
				752C466215BDC5C8002FFCA2 /* AWMarkItDoneAPIManagerDelegate.h */,
			);
			name = AWMarkItDoneAPIManager;
			sourceTree = "<group>";
		};
		7554442D15C729D100CEEF4A /* Views */ = {
			isa = PBXGroup;
			children = (
				758DD90515DD8BB000BC7450 /* AWToDoFilterSectionHeaderView.h */,
				758DD90615DD8BB000BC7450 /* AWToDoFilterSectionHeaderView.m */,
				7554442E15C72A1E00CEEF4A /* AWToDoCell.h */,
				7554442F15C72A1E00CEEF4A /* AWToDoCell.m */,
				758DD90215DD7FBA00BC7450 /* AWToDoFilterCell.h */,
				758DD90315DD7FBA00BC7450 /* AWToDoFilterCell.m */,
			);
			name = Views;
			sourceTree = "<group>";
		};
		75782E3615C55C4E009DE488 /* Models */ = {
			isa = PBXGroup;
			children = (
				75782E4C15C56020009DE488 /* ToDo.h */,
				75782E4D15C56020009DE488 /* ToDo.m */,
				75782E4915C56020009DE488 /* ToDoAlert.h */,
				75782E4A15C56020009DE488 /* ToDoAlert.m */,
				754C3E7715D3D618003DAF15 /* ToDoList.h */,
				754C3E7815D3D618003DAF15 /* ToDoList.m */,
				754C3E7415D3D5F4003DAF15 /* ToDoContext.h */,
				754C3E7515D3D5F4003DAF15 /* ToDoContext.m */,
			);
			name = Models;
			sourceTree = "<group>";
		};
		75CE97D315BB2CEA0043D3FC = {
			isa = PBXGroup;
			children = (
				75CE980215BB2DCF0043D3FC /* RestKit.xcodeproj */,
				75CE97E815BB2CEB0043D3FC /* iPhoneMarkItDone */,
				75CE97E115BB2CEB0043D3FC /* Frameworks */,
				75CE97DF15BB2CEB0043D3FC /* Products */,
			);
			sourceTree = "<group>";
		};
		75CE97DF15BB2CEB0043D3FC /* Products */ = {
			isa = PBXGroup;
			children = (
				75CE97DE15BB2CEB0043D3FC /* iPhoneMarkItDone.app */,
			);
			name = Products;
			sourceTree = "<group>";
		};
		75CE97E115BB2CEB0043D3FC /* Frameworks */ = {
			isa = PBXGroup;
			children = (
				75CE982615BB2F460043D3FC /* CoreData.framework */,
				75CE982415BB2F070043D3FC /* libxml2.dylib */,
				75CE982215BB2EF70043D3FC /* QuartzCore.framework */,
				75CE982015BB2EED0043D3FC /* SystemConfiguration.framework */,
				75CE981E15BB2EE20043D3FC /* Security.framework */,
				75CE981C15BB2ED80043D3FC /* MobileCoreServices.framework */,
				75CE981A15BB2ECC0043D3FC /* CFNetwork.framework */,
				75CE97E215BB2CEB0043D3FC /* UIKit.framework */,
				75CE97E415BB2CEB0043D3FC /* Foundation.framework */,
				75CE97E615BB2CEB0043D3FC /* CoreGraphics.framework */,
			);
			name = Frameworks;
			sourceTree = "<group>";
		};
		75CE97E815BB2CEB0043D3FC /* iPhoneMarkItDone */ = {
			isa = PBXGroup;
			children = (
				751F802215C0348300230129 /* AWCommon */,
				751F801E15C0340000230129 /* AWCoolButton */,
				751F802A15C038C100230129 /* AWCoolTable */,
				75E0639715BF250900D9D625 /* AWKeychainWrapper */,
				75E0D88115D1295F0007646D /* MFSideMenu */,
				752C465E15BDC528002FFCA2 /* AWMarkItDoneAPIManager */,
				75782E3615C55C4E009DE488 /* Models */,
				7554442D15C729D100CEEF4A /* Views */,
				75E0638815BF234700D9D625 /* ViewControllers */,
				75E0639415BF24CC00D9D625 /* AWConstants.h */,
				75CE97F115BB2CEB0043D3FC /* AWAppDelegate.h */,
				75CE97F215BB2CEB0043D3FC /* AWAppDelegate.m */,
				75CE97F415BB2CEB0043D3FC /* MainStoryboard.storyboard */,
				75782E1B15C556D0009DE488 /* MarkItDone.xcdatamodeld */,
				75CE97E915BB2CEB0043D3FC /* Supporting Files */,
			);
			path = iPhoneMarkItDone;
			sourceTree = "<group>";
		};
		75CE97E915BB2CEB0043D3FC /* Supporting Files */ = {
			isa = PBXGroup;
			children = (
				75CE97EA15BB2CEB0043D3FC /* iPhoneMarkItDone-Info.plist */,
				75CE97EB15BB2CEB0043D3FC /* InfoPlist.strings */,
				75CE97EE15BB2CEB0043D3FC /* main.m */,
				75CE97F015BB2CEB0043D3FC /* iPhoneMarkItDone-Prefix.pch */,
			);
			name = "Supporting Files";
			sourceTree = "<group>";
		};
		75CE980315BB2DCF0043D3FC /* Products */ = {
			isa = PBXGroup;
			children = (
				75CE980E15BB2DCF0043D3FC /* libRestKit.a */,
				75CE981015BB2DCF0043D3FC /* RestKitTests.octest */,
				75CE981215BB2DCF0043D3FC /* RestKit.framework */,
				75CE981415BB2DCF0043D3FC /* RestKitFrameworkTests.octest */,
				75CE981615BB2DCF0043D3FC /* RestKitResources.bundle */,
			);
			name = Products;
			sourceTree = "<group>";
		};
		75E0638815BF234700D9D625 /* ViewControllers */ = {
			isa = PBXGroup;
			children = (
				754C3E3C15D131A1003DAF15 /* AWInitialViewController.h */,
				754C3E3D15D131A1003DAF15 /* AWInitialViewController.m */,
				754C3E3E15D131A1003DAF15 /* AWToDoFiltersViewController.h */,
				754C3E3F15D131A1003DAF15 /* AWToDoFiltersViewController.m */,
				75E0FCA615EAA300007DBCBE /* AWToDoFiltersViewControllerDelegate.h */,
				754C3E4015D131A1003DAF15 /* AWTodoListViewController.h */,
				754C3E4115D131A1003DAF15 /* AWTodoListViewController.m */,
			);
			name = ViewControllers;
			sourceTree = "<group>";
		};
		75E0639715BF250900D9D625 /* AWKeychainWrapper */ = {
			isa = PBXGroup;
			children = (
				75E0639815BF250900D9D625 /* AWKeychainWrapper.h */,
				75E0639915BF250900D9D625 /* AWKeychainWrapper.m */,
			);
			path = AWKeychainWrapper;
			sourceTree = SOURCE_ROOT;
		};
		75E0D88115D1295F0007646D /* MFSideMenu */ = {
			isa = PBXGroup;
			children = (
				75E0D88215D1295F0007646D /* back-arrow.png */,
				75E0D88315D1295F0007646D /* back-arrow@2x.png */,
				75E0D88415D1295F0007646D /* menu-icon.png */,
				75E0D88515D1295F0007646D /* menu-icon@2x.png */,
				75E0D88615D1295F0007646D /* MFSideMenu.h */,
				75E0D88715D1295F0007646D /* MFSideMenuManager.h */,
				75E0D88815D1295F0007646D /* MFSideMenuManager.m */,
				75E0D88915D1295F0007646D /* UIViewController+MFSideMenu.h */,
				75E0D88A15D1295F0007646D /* UIViewController+MFSideMenu.m */,
			);
			path = MFSideMenu;
			sourceTree = SOURCE_ROOT;
		};
/* End PBXGroup section */

/* Begin PBXNativeTarget section */
		75CE97DD15BB2CEB0043D3FC /* iPhoneMarkItDone */ = {
			isa = PBXNativeTarget;
			buildConfigurationList = 75CE97FF15BB2CEB0043D3FC /* Build configuration list for PBXNativeTarget "iPhoneMarkItDone" */;
			buildPhases = (
				75CE97DA15BB2CEB0043D3FC /* Sources */,
				75CE97DB15BB2CEB0043D3FC /* Frameworks */,
				75CE97DC15BB2CEB0043D3FC /* Resources */,
			);
			buildRules = (
			);
			dependencies = (
				75CE981815BB2E900043D3FC /* PBXTargetDependency */,
			);
			name = iPhoneMarkItDone;
			productName = iPhoneMarkItDone;
			productReference = 75CE97DE15BB2CEB0043D3FC /* iPhoneMarkItDone.app */;
			productType = "com.apple.product-type.application";
		};
/* End PBXNativeTarget section */

/* Begin PBXProject section */
		75CE97D515BB2CEA0043D3FC /* Project object */ = {
			isa = PBXProject;
			attributes = {
				CLASSPREFIX = AW;
				LastUpgradeCheck = 0430;
			};
			buildConfigurationList = 75CE97D815BB2CEA0043D3FC /* Build configuration list for PBXProject "iPhoneMarkItDone" */;
			compatibilityVersion = "Xcode 3.2";
			developmentRegion = English;
			hasScannedForEncodings = 0;
			knownRegions = (
				en,
			);
			mainGroup = 75CE97D315BB2CEA0043D3FC;
			productRefGroup = 75CE97DF15BB2CEB0043D3FC /* Products */;
			projectDirPath = "";
			projectReferences = (
				{
					ProductGroup = 75CE980315BB2DCF0043D3FC /* Products */;
					ProjectRef = 75CE980215BB2DCF0043D3FC /* RestKit.xcodeproj */;
				},
			);
			projectRoot = "";
			targets = (
				75CE97DD15BB2CEB0043D3FC /* iPhoneMarkItDone */,
			);
		};
/* End PBXProject section */

/* Begin PBXReferenceProxy section */
		75CE980E15BB2DCF0043D3FC /* libRestKit.a */ = {
			isa = PBXReferenceProxy;
			fileType = archive.ar;
			path = libRestKit.a;
			remoteRef = 75CE980D15BB2DCF0043D3FC /* PBXContainerItemProxy */;
			sourceTree = BUILT_PRODUCTS_DIR;
		};
		75CE981015BB2DCF0043D3FC /* RestKitTests.octest */ = {
			isa = PBXReferenceProxy;
			fileType = wrapper.cfbundle;
			path = RestKitTests.octest;
			remoteRef = 75CE980F15BB2DCF0043D3FC /* PBXContainerItemProxy */;
			sourceTree = BUILT_PRODUCTS_DIR;
		};
		75CE981215BB2DCF0043D3FC /* RestKit.framework */ = {
			isa = PBXReferenceProxy;
			fileType = wrapper.framework;
			path = RestKit.framework;
			remoteRef = 75CE981115BB2DCF0043D3FC /* PBXContainerItemProxy */;
			sourceTree = BUILT_PRODUCTS_DIR;
		};
		75CE981415BB2DCF0043D3FC /* RestKitFrameworkTests.octest */ = {
			isa = PBXReferenceProxy;
			fileType = wrapper.cfbundle;
			path = RestKitFrameworkTests.octest;
			remoteRef = 75CE981315BB2DCF0043D3FC /* PBXContainerItemProxy */;
			sourceTree = BUILT_PRODUCTS_DIR;
		};
		75CE981615BB2DCF0043D3FC /* RestKitResources.bundle */ = {
			isa = PBXReferenceProxy;
			fileType = wrapper.cfbundle;
			path = RestKitResources.bundle;
			remoteRef = 75CE981515BB2DCF0043D3FC /* PBXContainerItemProxy */;
			sourceTree = BUILT_PRODUCTS_DIR;
		};
/* End PBXReferenceProxy section */

/* Begin PBXResourcesBuildPhase section */
		75CE97DC15BB2CEB0043D3FC /* Resources */ = {
			isa = PBXResourcesBuildPhase;
			buildActionMask = 2147483647;
			files = (
				75CE97ED15BB2CEB0043D3FC /* InfoPlist.strings in Resources */,
				75CE97F615BB2CEB0043D3FC /* MainStoryboard.storyboard in Resources */,
				75E0D88B15D1295F0007646D /* back-arrow.png in Resources */,
				75E0D88C15D1295F0007646D /* back-arrow@2x.png in Resources */,
				75E0D88D15D1295F0007646D /* menu-icon.png in Resources */,
				75E0D88E15D1295F0007646D /* menu-icon@2x.png in Resources */,
			);
			runOnlyForDeploymentPostprocessing = 0;
		};
/* End PBXResourcesBuildPhase section */

/* Begin PBXSourcesBuildPhase section */
		75CE97DA15BB2CEB0043D3FC /* Sources */ = {
			isa = PBXSourcesBuildPhase;
			buildActionMask = 2147483647;
			files = (
				75CE97EF15BB2CEB0043D3FC /* main.m in Sources */,
				75CE97F315BB2CEB0043D3FC /* AWAppDelegate.m in Sources */,
				752C466115BDC55F002FFCA2 /* AWMarkItDoneAPIManager.m in Sources */,
				75E0639A15BF250900D9D625 /* AWKeychainWrapper.m in Sources */,
				751F802115C0340000230129 /* AWCoolButton.m in Sources */,
				751F802515C0348300230129 /* AWCommon.m in Sources */,
				751F803115C038C100230129 /* AWCoolCellBackground.m in Sources */,
				751F803215C038C100230129 /* AWCoolFooter.m in Sources */,
				751F803315C038C100230129 /* AWCoolHeader.m in Sources */,
				75782E1D15C556D0009DE488 /* MarkItDone.xcdatamodeld in Sources */,
				75782E4B15C56020009DE488 /* ToDoAlert.m in Sources */,
				75782E4E15C56020009DE488 /* ToDo.m in Sources */,
				7554443015C72A1E00CEEF4A /* AWToDoCell.m in Sources */,
				75E0D87815CDC79C0007646D /* AWToDoListFetchedResultsTableController.m in Sources */,
				75E0D88F15D1295F0007646D /* MFSideMenuManager.m in Sources */,
				75E0D89015D1295F0007646D /* UIViewController+MFSideMenu.m in Sources */,
				754C3E4215D131A1003DAF15 /* AWInitialViewController.m in Sources */,
				754C3E4315D131A1003DAF15 /* AWToDoFiltersViewController.m in Sources */,
				754C3E4415D131A1003DAF15 /* AWTodoListViewController.m in Sources */,
				754C3E7615D3D5F4003DAF15 /* ToDoContext.m in Sources */,
				754C3E7915D3D618003DAF15 /* ToDoList.m in Sources */,
				75EDA25A15DAC8D200391CB7 /* AWToDoFiltersFetchedResultsTableController.m in Sources */,
				758DD90415DD7FBA00BC7450 /* AWToDoFilterCell.m in Sources */,
				758DD90715DD8BB000BC7450 /* AWToDoFilterSectionHeaderView.m in Sources */,
			);
			runOnlyForDeploymentPostprocessing = 0;
		};
/* End PBXSourcesBuildPhase section */

/* Begin PBXTargetDependency section */
		75CE981815BB2E900043D3FC /* PBXTargetDependency */ = {
			isa = PBXTargetDependency;
			name = RestKit;
			targetProxy = 75CE981715BB2E900043D3FC /* PBXContainerItemProxy */;
		};
/* End PBXTargetDependency section */

/* Begin PBXVariantGroup section */
		75CE97EB15BB2CEB0043D3FC /* InfoPlist.strings */ = {
			isa = PBXVariantGroup;
			children = (
				75CE97EC15BB2CEB0043D3FC /* en */,
			);
			name = InfoPlist.strings;
			sourceTree = "<group>";
		};
		75CE97F415BB2CEB0043D3FC /* MainStoryboard.storyboard */ = {
			isa = PBXVariantGroup;
			children = (
				75CE97F515BB2CEB0043D3FC /* en */,
			);
			name = MainStoryboard.storyboard;
			sourceTree = "<group>";
		};
/* End PBXVariantGroup section */

/* Begin XCBuildConfiguration section */
		75CE97FD15BB2CEB0043D3FC /* Debug */ = {
			isa = XCBuildConfiguration;
			buildSettings = {
				ALWAYS_SEARCH_USER_PATHS = NO;
				ARCHS = "$(ARCHS_STANDARD_32_BIT)";
				CLANG_ENABLE_OBJC_ARC = YES;
				"CODE_SIGN_IDENTITY[sdk=iphoneos*]" = "iPhone Developer";
				COPY_PHASE_STRIP = NO;
				GCC_C_LANGUAGE_STANDARD = gnu99;
				GCC_DYNAMIC_NO_PIC = NO;
				GCC_OPTIMIZATION_LEVEL = 0;
				GCC_PREPROCESSOR_DEFINITIONS = (
					"DEBUG=1",
					"$(inherited)",
				);
				GCC_SYMBOLS_PRIVATE_EXTERN = NO;
				GCC_VERSION = com.apple.compilers.llvm.clang.1_0;
				GCC_WARN_ABOUT_RETURN_TYPE = YES;
				GCC_WARN_UNINITIALIZED_AUTOS = YES;
				GCC_WARN_UNUSED_VARIABLE = YES;
				IPHONEOS_DEPLOYMENT_TARGET = 5.1;
				SDKROOT = iphoneos;
			};
			name = Debug;
		};
		75CE97FE15BB2CEB0043D3FC /* Release */ = {
			isa = XCBuildConfiguration;
			buildSettings = {
				ALWAYS_SEARCH_USER_PATHS = NO;
				ARCHS = "$(ARCHS_STANDARD_32_BIT)";
				CLANG_ENABLE_OBJC_ARC = YES;
				"CODE_SIGN_IDENTITY[sdk=iphoneos*]" = "iPhone Developer";
				COPY_PHASE_STRIP = YES;
				GCC_C_LANGUAGE_STANDARD = gnu99;
				GCC_VERSION = com.apple.compilers.llvm.clang.1_0;
				GCC_WARN_ABOUT_RETURN_TYPE = YES;
				GCC_WARN_UNINITIALIZED_AUTOS = YES;
				GCC_WARN_UNUSED_VARIABLE = YES;
				IPHONEOS_DEPLOYMENT_TARGET = 5.1;
				OTHER_CFLAGS = "-DNS_BLOCK_ASSERTIONS=1";
				SDKROOT = iphoneos;
				VALIDATE_PRODUCT = YES;
			};
			name = Release;
		};
		75CE980015BB2CEB0043D3FC /* Debug */ = {
			isa = XCBuildConfiguration;
			buildSettings = {
				GCC_PRECOMPILE_PREFIX_HEADER = YES;
				GCC_PREFIX_HEADER = "iPhoneMarkItDone/iPhoneMarkItDone-Prefix.pch";
				HEADER_SEARCH_PATHS = "\"$(BUILT_PRODUCTS_DIR)/../../Headers\"";
				INFOPLIST_FILE = "iPhoneMarkItDone/iPhoneMarkItDone-Info.plist";
				OTHER_LDFLAGS = (
					"-ObjC",
					"-all_load",
				);
				PRODUCT_NAME = "$(TARGET_NAME)";
				WRAPPER_EXTENSION = app;
			};
			name = Debug;
		};
		75CE980115BB2CEB0043D3FC /* Release */ = {
			isa = XCBuildConfiguration;
			buildSettings = {
				GCC_PRECOMPILE_PREFIX_HEADER = YES;
				GCC_PREFIX_HEADER = "iPhoneMarkItDone/iPhoneMarkItDone-Prefix.pch";
				HEADER_SEARCH_PATHS = "\"$(BUILT_PRODUCTS_DIR)/../../Headers\"";
				INFOPLIST_FILE = "iPhoneMarkItDone/iPhoneMarkItDone-Info.plist";
				OTHER_LDFLAGS = (
					"-ObjC",
					"-all_load",
				);
				PRODUCT_NAME = "$(TARGET_NAME)";
				WRAPPER_EXTENSION = app;
			};
			name = Release;
		};
/* End XCBuildConfiguration section */

/* Begin XCConfigurationList section */
		75CE97D815BB2CEA0043D3FC /* Build configuration list for PBXProject "iPhoneMarkItDone" */ = {
			isa = XCConfigurationList;
			buildConfigurations = (
				75CE97FD15BB2CEB0043D3FC /* Debug */,
				75CE97FE15BB2CEB0043D3FC /* Release */,
			);
			defaultConfigurationIsVisible = 0;
			defaultConfigurationName = Release;
		};
		75CE97FF15BB2CEB0043D3FC /* Build configuration list for PBXNativeTarget "iPhoneMarkItDone" */ = {
			isa = XCConfigurationList;
			buildConfigurations = (
				75CE980015BB2CEB0043D3FC /* Debug */,
				75CE980115BB2CEB0043D3FC /* Release */,
			);
			defaultConfigurationIsVisible = 0;
			defaultConfigurationName = Release;
		};
/* End XCConfigurationList section */

/* Begin XCVersionGroup section */
		75782E1B15C556D0009DE488 /* MarkItDone.xcdatamodeld */ = {
			isa = XCVersionGroup;
			children = (
				75782E1C15C556D0009DE488 /* MarkItDone.xcdatamodel */,
			);
			currentVersion = 75782E1C15C556D0009DE488 /* MarkItDone.xcdatamodel */;
			path = MarkItDone.xcdatamodeld;
			sourceTree = "<group>";
			versionGroupType = wrapper.xcdatamodel;
		};
/* End XCVersionGroup section */
	};
	rootObject = 75CE97D515BB2CEA0043D3FC /* Project object */;
}
